
Microsoft Visual Studio Solution File, Format Version 12.00
# Visual Studio 15
Project("{FAE04EC0-301F-11D3-BF4B-00C04F79EFBC}") = "Assembly-CSharp", "Assembly-CSharp.csproj", "{FB6A8F1D-913C-F627-22AE-4DD7E0713D4D}"
EndProject
Global
	GlobalSection(SolutionConfigurationPlatforms) = preSolution
		Debug|Any CPU = Debug|Any CPU
		Release|Any CPU = Release|Any CPU
	EndGlobalSection
	GlobalSection(ProjectConfigurationPlatforms) = postSolution
		{FB6A8F1D-913C-F627-22AE-4DD7E0713D4D}.Debug|Any CPU.ActiveCfg = Debug|Any CPU
		{FB6A8F1D-913C-F627-22AE-4DD7E0713D4D}.Debug|Any CPU.Build.0 = Debug|Any CPU
		{FB6A8F1D-913C-F627-22AE-4DD7E0713D4D}.Release|Any CPU.ActiveCfg = Release|Any CPU
		{FB6A8F1D-913C-F627-22AE-4DD7E0713D4D}.Release|Any CPU.Build.0 = Release|Any CPU
	EndGlobalSection
	GlobalSection(SolutionProperties) = preSolution
		HideSolutionNode = FALSE
	EndGlobalSection
EndGlobal
